
Microsoft Visual Studio Solution File, Format Version 12.00
# Visual Studio 14
VisualStudioVersion = 14.0.25420.1
MinimumVisualStudioVersion = 10.0.40219.1
Project("{FAE04EC0-301F-11D3-BF4B-00C04F79EFBC}") = "FruitBasketGame", "FruitBasketGame\FruitBasketGame.csproj", "{9894D35C-B5C7-4E81-8B89-BE5D5915AF52}"
EndProject
Project("{FAE04EC0-301F-11D3-BF4B-00C04F79EFBC}") = "GuessingGame", "GuessingGame\GuessingGame.csproj", "{DD2D8EC2-B6B4-4F97-8B79-227AF8DB27AC}"
EndProject
Global
	GlobalSection(SolutionConfigurationPlatforms) = preSolution
		Debug|Any CPU = Debug|Any CPU
		Release|Any CPU = Release|Any CPU
	EndGlobalSection
	GlobalSection(ProjectConfigurationPlatforms) = postSolution
		{9894D35C-B5C7-4E81-8B89-BE5D5915AF52}.Debug|Any CPU.ActiveCfg = Debug|Any CPU
		{9894D35C-B5C7-4E81-8B89-BE5D5915AF52}.Debug|Any CPU.Build.0 = Debug|Any CPU
		{9894D35C-B5C7-4E81-8B89-BE5D5915AF52}.Release|Any CPU.ActiveCfg = Release|Any CPU
		{9894D35C-B5C7-4E81-8B89-BE5D5915AF52}.Release|Any CPU.Build.0 = Release|Any CPU
		{DD2D8EC2-B6B4-4F97-8B79-227AF8DB27AC}.Debug|Any CPU.ActiveCfg = Debug|Any CPU
		{DD2D8EC2-B6B4-4F97-8B79-227AF8DB27AC}.Debug|Any CPU.Build.0 = Debug|Any CPU
		{DD2D8EC2-B6B4-4F97-8B79-227AF8DB27AC}.Release|Any CPU.ActiveCfg = Release|Any CPU
		{DD2D8EC2-B6B4-4F97-8B79-227AF8DB27AC}.Release|Any CPU.Build.0 = Release|Any CPU
	EndGlobalSection
	GlobalSection(SolutionProperties) = preSolution
		HideSolutionNode = FALSE
	EndGlobalSection
EndGlobal
